// !$*UTF8*$!
{
	archiveVersion = 1;
	classes = {
	};
	objectVersion = 56;
	objects = {

/* Begin PBXBuildFile section */
		DB08536B2A76885B009C3064 /* SDWebImageSwiftUI in Frameworks */ = {isa = PBXBuildFile; productRef = DB08536A2A76885B009C3064 /* SDWebImageSwiftUI */; };
		DB08536D2A769B27009C3064 /* ReusablePostView.swift in Sources */ = {isa = PBXBuildFile; fileRef = DB08536C2A769B27009C3064 /* ReusablePostView.swift */; };
		DB16B2282A71BF0F008C64DD /* GoogleService-Info.plist in Resources */ = {isa = PBXBuildFile; fileRef = DB16B2272A71BF0F008C64DD /* GoogleService-Info.plist */; };
		DB16B22B2A71C07A008C64DD /* FirebaseAuth in Frameworks */ = {isa = PBXBuildFile; productRef = DB16B22A2A71C07A008C64DD /* FirebaseAuth */; };
		DB16B22D2A71C07A008C64DD /* FirebaseFirestore in Frameworks */ = {isa = PBXBuildFile; productRef = DB16B22C2A71C07A008C64DD /* FirebaseFirestore */; };
		DB16B22F2A71C07A008C64DD /* FirebaseFirestoreSwift in Frameworks */ = {isa = PBXBuildFile; productRef = DB16B22E2A71C07A008C64DD /* FirebaseFirestoreSwift */; };
		DB16B2312A71C07A008C64DD /* FirebaseStorage in Frameworks */ = {isa = PBXBuildFile; productRef = DB16B2302A71C07A008C64DD /* FirebaseStorage */; };
		DB16B2382A71EBFB008C64DD /* Shimmer.swift in Sources */ = {isa = PBXBuildFile; fileRef = DB16B2372A71EBFB008C64DD /* Shimmer.swift */; };
		DB16B23A2A71EC25008C64DD /* CustomButton.swift in Sources */ = {isa = PBXBuildFile; fileRef = DB16B2392A71EC25008C64DD /* CustomButton.swift */; };
		DB16B23E2A71ED45008C64DD /* onBoardingTapView.swift in Sources */ = {isa = PBXBuildFile; fileRef = DB16B23D2A71ED45008C64DD /* onBoardingTapView.swift */; };
		DB16B2402A71ED7F008C64DD /* MainTabView.swift in Sources */ = {isa = PBXBuildFile; fileRef = DB16B23F2A71ED7F008C64DD /* MainTabView.swift */; };
		DB16B2442A71EE14008C64DD /* CardView1.swift in Sources */ = {isa = PBXBuildFile; fileRef = DB16B2432A71EE14008C64DD /* CardView1.swift */; };
		DB16B2462A71EE3A008C64DD /* CardView2.swift in Sources */ = {isa = PBXBuildFile; fileRef = DB16B2452A71EE3A008C64DD /* CardView2.swift */; };
		DB16B2482A71EE69008C64DD /* CardView3.swift in Sources */ = {isa = PBXBuildFile; fileRef = DB16B2472A71EE69008C64DD /* CardView3.swift */; };
		DB16B24D2A71EF0D008C64DD /* OpeningView.swift in Sources */ = {isa = PBXBuildFile; fileRef = DB16B24C2A71EF0D008C64DD /* OpeningView.swift */; };
		DB16B24F2A71EF36008C64DD /* LoginView.swift in Sources */ = {isa = PBXBuildFile; fileRef = DB16B24E2A71EF36008C64DD /* LoginView.swift */; };
		DB16B2512A71EF66008C64DD /* RegisterView.swift in Sources */ = {isa = PBXBuildFile; fileRef = DB16B2502A71EF66008C64DD /* RegisterView.swift */; };
		DB16B2532A71EFAC008C64DD /* User.swift in Sources */ = {isa = PBXBuildFile; fileRef = DB16B2522A71EFAC008C64DD /* User.swift */; };
		DB16B2552A71EFE1008C64DD /* Authenticatioin.swift in Sources */ = {isa = PBXBuildFile; fileRef = DB16B2542A71EFE1008C64DD /* Authenticatioin.swift */; };
		DB16B2572A71F1EF008C64DD /* Assets.xcassets in Resources */ = {isa = PBXBuildFile; fileRef = DB16B2562A71F1EF008C64DD /* Assets.xcassets */; };
		DB2F888B2A71F69B0049F88D /* SettingsView.swift in Sources */ = {isa = PBXBuildFile; fileRef = DB2F888A2A71F69B0049F88D /* SettingsView.swift */; };
		DB2F888D2A71F6E40049F88D /* AccountDetailsView.swift in Sources */ = {isa = PBXBuildFile; fileRef = DB2F888C2A71F6E40049F88D /* AccountDetailsView.swift */; };
		DB2F888F2A71F7010049F88D /* Terms&Conditions.swift in Sources */ = {isa = PBXBuildFile; fileRef = DB2F888E2A71F7010049F88D /* Terms&Conditions.swift */; };
		DB2F88912A71F7270049F88D /* MentorDetailsView.swift in Sources */ = {isa = PBXBuildFile; fileRef = DB2F88902A71F7270049F88D /* MentorDetailsView.swift */; };
		DB2F88962A71F7C20049F88D /* PostView.swift in Sources */ = {isa = PBXBuildFile; fileRef = DB2F88952A71F7C20049F88D /* PostView.swift */; };
		DB2F88982A71F7EA0049F88D /* ExploreCardView.swift in Sources */ = {isa = PBXBuildFile; fileRef = DB2F88972A71F7EA0049F88D /* ExploreCardView.swift */; };
		DB2F889C2A71F8840049F88D /* Catagories.swift in Sources */ = {isa = PBXBuildFile; fileRef = DB2F889B2A71F8840049F88D /* Catagories.swift */; };
		DB2F889E2A71F8B00049F88D /* Beginner.swift in Sources */ = {isa = PBXBuildFile; fileRef = DB2F889D2A71F8B00049F88D /* Beginner.swift */; };
		DB2F88A02A71F8E60049F88D /* Amertueur.swift in Sources */ = {isa = PBXBuildFile; fileRef = DB2F889F2A71F8E60049F88D /* Amertueur.swift */; };
		DB2F88A22A71F9290049F88D /* CameraView.swift in Sources */ = {isa = PBXBuildFile; fileRef = DB2F88A12A71F9290049F88D /* CameraView.swift */; };
		DB2F88A42A71F9540049F88D /* PlayerDetails.swift in Sources */ = {isa = PBXBuildFile; fileRef = DB2F88A32A71F9540049F88D /* PlayerDetails.swift */; };
		DB56AA952A7263EF00AD68FB /* Student+CoreDataClass.swift in Sources */ = {isa = PBXBuildFile; fileRef = DB56AA932A7263EF00AD68FB /* Student+CoreDataClass.swift */; };
		DB56AA962A7263EF00AD68FB /* Student+CoreDataProperties.swift in Sources */ = {isa = PBXBuildFile; fileRef = DB56AA942A7263EF00AD68FB /* Student+CoreDataProperties.swift */; };
		DB72D4BB2A795F8E00831C05 /* SearchView.swift in Sources */ = {isa = PBXBuildFile; fileRef = DB72D4BA2A795F8E00831C05 /* SearchView.swift */; };
		DB72D4BD2A7999B500831C05 /* ReusableView.swift in Sources */ = {isa = PBXBuildFile; fileRef = DB72D4BC2A7999B500831C05 /* ReusableView.swift */; };
		DB72D4C12A7A253900831C05 /* ImagePicker.swift in Sources */ = {isa = PBXBuildFile; fileRef = DB72D4C02A7A253900831C05 /* ImagePicker.swift */; };
		DB7470102A74016D00EF00A1 /* CreateNewPost.swift in Sources */ = {isa = PBXBuildFile; fileRef = DB74700F2A74016D00EF00A1 /* CreateNewPost.swift */; };
		DB7470122A7401E200EF00A1 /* Post.swift in Sources */ = {isa = PBXBuildFile; fileRef = DB7470112A7401E200EF00A1 /* Post.swift */; };
		DB7470142A75258E00EF00A1 /* LoadingView.swift in Sources */ = {isa = PBXBuildFile; fileRef = DB7470132A75258E00EF00A1 /* LoadingView.swift */; };
		DBCD198C2A714DFC000FF5B8 /* FLYING_HAWKSApp.swift in Sources */ = {isa = PBXBuildFile; fileRef = DBCD198B2A714DFC000FF5B8 /* FLYING_HAWKSApp.swift */; };
		DBCD198E2A714DFC000FF5B8 /* ContentView.swift in Sources */ = {isa = PBXBuildFile; fileRef = DBCD198D2A714DFC000FF5B8 /* ContentView.swift */; };
		DBCD19932A714DFE000FF5B8 /* Preview Assets.xcassets in Resources */ = {isa = PBXBuildFile; fileRef = DBCD19922A714DFE000FF5B8 /* Preview Assets.xcassets */; };
		DBCD19952A714DFE000FF5B8 /* Persistence.swift in Sources */ = {isa = PBXBuildFile; fileRef = DBCD19942A714DFE000FF5B8 /* Persistence.swift */; };
		DBCD19982A714DFE000FF5B8 /* FLYING_HAWKS.xcdatamodeld in Sources */ = {isa = PBXBuildFile; fileRef = DBCD19962A714DFE000FF5B8 /* FLYING_HAWKS.xcdatamodeld */; };
/* End PBXBuildFile section */

/* Begin PBXFileReference section */
		DB08536C2A769B27009C3064 /* ReusablePostView.swift */ = {isa = PBXFileReference; lastKnownFileType = sourcecode.swift; path = ReusablePostView.swift; sourceTree = "<group>"; };
		DB16B2272A71BF0F008C64DD /* GoogleService-Info.plist */ = {isa = PBXFileReference; fileEncoding = 4; lastKnownFileType = text.plist.xml; path = "GoogleService-Info.plist"; sourceTree = "<group>"; };
		DB16B2372A71EBFB008C64DD /* Shimmer.swift */ = {isa = PBXFileReference; lastKnownFileType = sourcecode.swift; path = Shimmer.swift; sourceTree = "<group>"; };
		DB16B2392A71EC25008C64DD /* CustomButton.swift */ = {isa = PBXFileReference; lastKnownFileType = sourcecode.swift; path = CustomButton.swift; sourceTree = "<group>"; };
		DB16B23D2A71ED45008C64DD /* onBoardingTapView.swift */ = {isa = PBXFileReference; lastKnownFileType = sourcecode.swift; path = onBoardingTapView.swift; sourceTree = "<group>"; };
		DB16B23F2A71ED7F008C64DD /* MainTabView.swift */ = {isa = PBXFileReference; lastKnownFileType = sourcecode.swift; path = MainTabView.swift; sourceTree = "<group>"; };
		DB16B2432A71EE14008C64DD /* CardView1.swift */ = {isa = PBXFileReference; lastKnownFileType = sourcecode.swift; path = CardView1.swift; sourceTree = "<group>"; };
		DB16B2452A71EE3A008C64DD /* CardView2.swift */ = {isa = PBXFileReference; lastKnownFileType = sourcecode.swift; path = CardView2.swift; sourceTree = "<group>"; };
		DB16B2472A71EE69008C64DD /* CardView3.swift */ = {isa = PBXFileReference; lastKnownFileType = sourcecode.swift; path = CardView3.swift; sourceTree = "<group>"; };
		DB16B24C2A71EF0D008C64DD /* OpeningView.swift */ = {isa = PBXFileReference; lastKnownFileType = sourcecode.swift; path = OpeningView.swift; sourceTree = "<group>"; };
		DB16B24E2A71EF36008C64DD /* LoginView.swift */ = {isa = PBXFileReference; lastKnownFileType = sourcecode.swift; path = LoginView.swift; sourceTree = "<group>"; };
		DB16B2502A71EF66008C64DD /* RegisterView.swift */ = {isa = PBXFileReference; lastKnownFileType = sourcecode.swift; path = RegisterView.swift; sourceTree = "<group>"; };
		DB16B2522A71EFAC008C64DD /* User.swift */ = {isa = PBXFileReference; lastKnownFileType = sourcecode.swift; path = User.swift; sourceTree = "<group>"; };
		DB16B2542A71EFE1008C64DD /* Authenticatioin.swift */ = {isa = PBXFileReference; lastKnownFileType = sourcecode.swift; path = Authenticatioin.swift; sourceTree = "<group>"; };
		DB16B2562A71F1EF008C64DD /* Assets.xcassets */ = {isa = PBXFileReference; lastKnownFileType = folder.assetcatalog; name = Assets.xcassets; path = "../../../Flying Hawks/Flying Hawks/Assets.xcassets"; sourceTree = "<group>"; };
		DB2F888A2A71F69B0049F88D /* SettingsView.swift */ = {isa = PBXFileReference; lastKnownFileType = sourcecode.swift; path = SettingsView.swift; sourceTree = "<group>"; };
		DB2F888C2A71F6E40049F88D /* AccountDetailsView.swift */ = {isa = PBXFileReference; lastKnownFileType = sourcecode.swift; path = AccountDetailsView.swift; sourceTree = "<group>"; };
		DB2F888E2A71F7010049F88D /* Terms&Conditions.swift */ = {isa = PBXFileReference; lastKnownFileType = sourcecode.swift; path = "Terms&Conditions.swift"; sourceTree = "<group>"; };
		DB2F88902A71F7270049F88D /* MentorDetailsView.swift */ = {isa = PBXFileReference; lastKnownFileType = sourcecode.swift; path = MentorDetailsView.swift; sourceTree = "<group>"; };
		DB2F88952A71F7C20049F88D /* PostView.swift */ = {isa = PBXFileReference; lastKnownFileType = sourcecode.swift; path = PostView.swift; sourceTree = "<group>"; };
		DB2F88972A71F7EA0049F88D /* ExploreCardView.swift */ = {isa = PBXFileReference; lastKnownFileType = sourcecode.swift; path = ExploreCardView.swift; sourceTree = "<group>"; };
		DB2F889B2A71F8840049F88D /* Catagories.swift */ = {isa = PBXFileReference; lastKnownFileType = sourcecode.swift; path = Catagories.swift; sourceTree = "<group>"; };
		DB2F889D2A71F8B00049F88D /* Beginner.swift */ = {isa = PBXFileReference; lastKnownFileType = sourcecode.swift; path = Beginner.swift; sourceTree = "<group>"; };
		DB2F889F2A71F8E60049F88D /* Amertueur.swift */ = {isa = PBXFileReference; lastKnownFileType = sourcecode.swift; path = Amertueur.swift; sourceTree = "<group>"; };
		DB2F88A12A71F9290049F88D /* CameraView.swift */ = {isa = PBXFileReference; lastKnownFileType = sourcecode.swift; path = CameraView.swift; sourceTree = "<group>"; };
		DB2F88A32A71F9540049F88D /* PlayerDetails.swift */ = {isa = PBXFileReference; lastKnownFileType = sourcecode.swift; path = PlayerDetails.swift; sourceTree = "<group>"; };
		DB56AA932A7263EF00AD68FB /* Student+CoreDataClass.swift */ = {isa = PBXFileReference; lastKnownFileType = sourcecode.swift; path = "Student+CoreDataClass.swift"; sourceTree = "<group>"; };
		DB56AA942A7263EF00AD68FB /* Student+CoreDataProperties.swift */ = {isa = PBXFileReference; lastKnownFileType = sourcecode.swift; path = "Student+CoreDataProperties.swift"; sourceTree = "<group>"; };
		DB72D4BA2A795F8E00831C05 /* SearchView.swift */ = {isa = PBXFileReference; lastKnownFileType = sourcecode.swift; path = SearchView.swift; sourceTree = "<group>"; };
		DB72D4BC2A7999B500831C05 /* ReusableView.swift */ = {isa = PBXFileReference; lastKnownFileType = sourcecode.swift; path = ReusableView.swift; sourceTree = "<group>"; };
		DB72D4C02A7A253900831C05 /* ImagePicker.swift */ = {isa = PBXFileReference; lastKnownFileType = sourcecode.swift; path = ImagePicker.swift; sourceTree = "<group>"; };
		DB74700F2A74016D00EF00A1 /* CreateNewPost.swift */ = {isa = PBXFileReference; lastKnownFileType = sourcecode.swift; path = CreateNewPost.swift; sourceTree = "<group>"; };
		DB7470112A7401E200EF00A1 /* Post.swift */ = {isa = PBXFileReference; lastKnownFileType = sourcecode.swift; path = Post.swift; sourceTree = "<group>"; };
		DB7470132A75258E00EF00A1 /* LoadingView.swift */ = {isa = PBXFileReference; lastKnownFileType = sourcecode.swift; path = LoadingView.swift; sourceTree = "<group>"; };
		DBCD19882A714DFC000FF5B8 /* FLYING_HAWKS.app */ = {isa = PBXFileReference; explicitFileType = wrapper.application; includeInIndex = 0; path = FLYING_HAWKS.app; sourceTree = BUILT_PRODUCTS_DIR; };
		DBCD198B2A714DFC000FF5B8 /* FLYING_HAWKSApp.swift */ = {isa = PBXFileReference; lastKnownFileType = sourcecode.swift; path = FLYING_HAWKSApp.swift; sourceTree = "<group>"; };
		DBCD198D2A714DFC000FF5B8 /* ContentView.swift */ = {isa = PBXFileReference; lastKnownFileType = sourcecode.swift; path = ContentView.swift; sourceTree = "<group>"; };
		DBCD19922A714DFE000FF5B8 /* Preview Assets.xcassets */ = {isa = PBXFileReference; lastKnownFileType = folder.assetcatalog; path = "Preview Assets.xcassets"; sourceTree = "<group>"; };
		DBCD19942A714DFE000FF5B8 /* Persistence.swift */ = {isa = PBXFileReference; lastKnownFileType = sourcecode.swift; path = Persistence.swift; sourceTree = "<group>"; };
		DBCD19972A714DFE000FF5B8 /* FLYING_HAWKS.xcdatamodel */ = {isa = PBXFileReference; lastKnownFileType = wrapper.xcdatamodel; path = FLYING_HAWKS.xcdatamodel; sourceTree = "<group>"; };
/* End PBXFileReference section */

/* Begin PBXFrameworksBuildPhase section */
		DBCD19852A714DFC000FF5B8 /* Frameworks */ = {
			isa = PBXFrameworksBuildPhase;
			buildActionMask = 2147483647;
			files = (
				DB08536B2A76885B009C3064 /* SDWebImageSwiftUI in Frameworks */,
				DB16B22B2A71C07A008C64DD /* FirebaseAuth in Frameworks */,
				DB16B2312A71C07A008C64DD /* FirebaseStorage in Frameworks */,
				DB16B22D2A71C07A008C64DD /* FirebaseFirestore in Frameworks */,
				DB16B22F2A71C07A008C64DD /* FirebaseFirestoreSwift in Frameworks */,
			);
			runOnlyForDeploymentPostprocessing = 0;
		};
/* End PBXFrameworksBuildPhase section */

/* Begin PBXGroup section */
		DB16B2362A71EBCB008C64DD /* Helper */ = {
			isa = PBXGroup;
			children = (
				DB16B2412A71EDD1008C64DD /* OpeningView */,
				DB16B2372A71EBFB008C64DD /* Shimmer.swift */,
				DB72D4C02A7A253900831C05 /* ImagePicker.swift */,
				DB7470132A75258E00EF00A1 /* LoadingView.swift */,
				DB16B2392A71EC25008C64DD /* CustomButton.swift */,
			);
			path = Helper;
			sourceTree = "<group>";
		};
		DB16B23B2A71ECCA008C64DD /* TabView */ = {
			isa = PBXGroup;
			children = (
			);
			path = TabView;
			sourceTree = "<group>";
		};
		DB16B23C2A71ECED008C64DD /* Main */ = {
			isa = PBXGroup;
			children = (
				DBCD198B2A714DFC000FF5B8 /* FLYING_HAWKSApp.swift */,
				DBCD198D2A714DFC000FF5B8 /* ContentView.swift */,
			);
			path = Main;
			sourceTree = "<group>";
		};
		DB16B2412A71EDD1008C64DD /* OpeningView */ = {
			isa = PBXGroup;
			children = (
				DB16B24C2A71EF0D008C64DD /* OpeningView.swift */,
				DB16B2432A71EE14008C64DD /* CardView1.swift */,
				DB16B2452A71EE3A008C64DD /* CardView2.swift */,
				DB16B2472A71EE69008C64DD /* CardView3.swift */,
			);
			path = OpeningView;
			sourceTree = "<group>";
		};
		DB16B2422A71EDF8008C64DD /* onBoarding */ = {
			isa = PBXGroup;
			children = (
				DB2F88932A71F75A0049F88D /* Catagories */,
				DB16B23B2A71ECCA008C64DD /* TabView */,
				DB16B2492A71EEB1008C64DD /* View */,
				DB16B24A2A71EEB8008C64DD /* Model */,
				DB16B24B2A71EEC5008C64DD /* Authentication */,
			);
			path = onBoarding;
			sourceTree = "<group>";
		};
		DB16B2492A71EEB1008C64DD /* View */ = {
			isa = PBXGroup;
			children = (
			);
			path = View;
			sourceTree = "<group>";
		};
		DB16B24A2A71EEB8008C64DD /* Model */ = {
			isa = PBXGroup;
			children = (
			);
			path = Model;
			sourceTree = "<group>";
		};
		DB16B24B2A71EEC5008C64DD /* Authentication */ = {
			isa = PBXGroup;
			children = (
			);
			path = Authentication;
			sourceTree = "<group>";
		};
		DB2F88882A71F65C0049F88D /* SettingsView */ = {
			isa = PBXGroup;
			children = (
				DB2F888A2A71F69B0049F88D /* SettingsView.swift */,
				DB2F888C2A71F6E40049F88D /* AccountDetailsView.swift */,
				DB2F888E2A71F7010049F88D /* Terms&Conditions.swift */,
				DB2F88902A71F7270049F88D /* MentorDetailsView.swift */,
			);
			path = SettingsView;
			sourceTree = "<group>";
		};
		DB2F88922A71F74D0049F88D /* Explore */ = {
			isa = PBXGroup;
			children = (
				DB74700F2A74016D00EF00A1 /* CreateNewPost.swift */,
				DB72D4BC2A7999B500831C05 /* ReusableView.swift */,
				DB74700E2A74015600EF00A1 /* ExploreView */,
				DB74700D2A74010900EF00A1 /* PostView */,
				DB2F88942A71F76A0049F88D /* Camera */,
			);
			path = Explore;
			sourceTree = "<group>";
		};
		DB2F88932A71F75A0049F88D /* Catagories */ = {
			isa = PBXGroup;
			children = (
				DB2F88992A71F80C0049F88D /* View */,
				DB2F889A2A71F8140049F88D /* Video's */,
			);
			path = Catagories;
			sourceTree = "<group>";
		};
		DB2F88942A71F76A0049F88D /* Camera */ = {
			isa = PBXGroup;
			children = (
				DB2F88A12A71F9290049F88D /* CameraView.swift */,
			);
			path = Camera;
			sourceTree = "<group>";
		};
		DB2F88992A71F80C0049F88D /* View */ = {
			isa = PBXGroup;
			children = (
			);
			path = View;
			sourceTree = "<group>";
		};
		DB2F889A2A71F8140049F88D /* Video's */ = {
			isa = PBXGroup;
			children = (
			);
			path = "Video's";
			sourceTree = "<group>";
		};
		DB74700A2A733A8F00EF00A1 /* CoreData */ = {
			isa = PBXGroup;
			children = (
				DB74700B2A733AAB00EF00A1 /* View */,
				DB74700C2A733AC400EF00A1 /* Core */,
			);
			path = CoreData;
			sourceTree = "<group>";
		};
		DB74700B2A733AAB00EF00A1 /* View */ = {
			isa = PBXGroup;
			children = (
			);
			path = View;
			sourceTree = "<group>";
		};
		DB74700C2A733AC400EF00A1 /* Core */ = {
			isa = PBXGroup;
			children = (
				DB56AA932A7263EF00AD68FB /* Student+CoreDataClass.swift */,
				DB56AA942A7263EF00AD68FB /* Student+CoreDataProperties.swift */,
			);
			path = Core;
			sourceTree = "<group>";
		};
		DB74700D2A74010900EF00A1 /* PostView */ = {
			isa = PBXGroup;
			children = (
				DB2F88952A71F7C20049F88D /* PostView.swift */,
				DB72D4BA2A795F8E00831C05 /* SearchView.swift */,
			);
			path = PostView;
			sourceTree = "<group>";
		};
		DB74700E2A74015600EF00A1 /* ExploreView */ = {
			isa = PBXGroup;
			children = (
				DB08536C2A769B27009C3064 /* ReusablePostView.swift */,
				DB2F88972A71F7EA0049F88D /* ExploreCardView.swift */,
			);
			path = ExploreView;
			sourceTree = "<group>";
		};
		DBCD197F2A714DFC000FF5B8 = {
			isa = PBXGroup;
			children = (
				DBCD198A2A714DFC000FF5B8 /* FLYING_HAWKS */,
				DBCD19892A714DFC000FF5B8 /* Products */,
			);
			sourceTree = "<group>";
		};
		DBCD19892A714DFC000FF5B8 /* Products */ = {
			isa = PBXGroup;
			children = (
				DBCD19882A714DFC000FF5B8 /* FLYING_HAWKS.app */,
			);
			name = Products;
			sourceTree = "<group>";
		};
		DBCD198A2A714DFC000FF5B8 /* FLYING_HAWKS */ = {
			isa = PBXGroup;
			children = (
				DB16B23C2A71ECED008C64DD /* Main */,
				DBEAD91A2A7FBDE2000B2E50 /* Model */,
				DBEAD91B2A7FBEEF000B2E50 /* ViewModel */,
				DBEAD91C2A7FBF1B000B2E50 /* View */,
				DB16B2422A71EDF8008C64DD /* onBoarding */,
				DB2F88922A71F74D0049F88D /* Explore */,
				DB2F88882A71F65C0049F88D /* SettingsView */,
				DB74700A2A733A8F00EF00A1 /* CoreData */,
				DB16B2362A71EBCB008C64DD /* Helper */,
				DB16B2562A71F1EF008C64DD /* Assets.xcassets */,
				DB16B2272A71BF0F008C64DD /* GoogleService-Info.plist */,
				DBCD19942A714DFE000FF5B8 /* Persistence.swift */,
				DBCD19962A714DFE000FF5B8 /* FLYING_HAWKS.xcdatamodeld */,
				DBCD19912A714DFE000FF5B8 /* Preview Content */,
			);
			path = FLYING_HAWKS;
			sourceTree = "<group>";
		};
		DBCD19912A714DFE000FF5B8 /* Preview Content */ = {
			isa = PBXGroup;
			children = (
				DBCD19922A714DFE000FF5B8 /* Preview Assets.xcassets */,
			);
			path = "Preview Content";
			sourceTree = "<group>";
		};
		DBEAD91A2A7FBDE2000B2E50 /* Model */ = {
			isa = PBXGroup;
			children = (
				DB16B2522A71EFAC008C64DD /* User.swift */,
				DB7470112A7401E200EF00A1 /* Post.swift */,
			);
			path = Model;
			sourceTree = "<group>";
		};
		DBEAD91B2A7FBEEF000B2E50 /* ViewModel */ = {
			isa = PBXGroup;
			children = (
				DB16B2542A71EFE1008C64DD /* Authenticatioin.swift */,
			);
			path = ViewModel;
			sourceTree = "<group>";
		};
		DBEAD91C2A7FBF1B000B2E50 /* View */ = {
			isa = PBXGroup;
			children = (
				DB16B23D2A71ED45008C64DD /* onBoardingTapView.swift */,
				DB16B2502A71EF66008C64DD /* RegisterView.swift */,
				DB16B24E2A71EF36008C64DD /* LoginView.swift */,
				DB16B23F2A71ED7F008C64DD /* MainTabView.swift */,
				DB2F88A32A71F9540049F88D /* PlayerDetails.swift */,
				DB2F889B2A71F8840049F88D /* Catagories.swift */,
				DB2F889D2A71F8B00049F88D /* Beginner.swift */,
				DB2F889F2A71F8E60049F88D /* Amertueur.swift */,
			);
			path = View;
			sourceTree = "<group>";
		};
/* End PBXGroup section */

/* Begin PBXNativeTarget section */
		DBCD19872A714DFC000FF5B8 /* FLYING_HAWKS */ = {
			isa = PBXNativeTarget;
			buildConfigurationList = DBCD199B2A714DFE000FF5B8 /* Build configuration list for PBXNativeTarget "FLYING_HAWKS" */;
			buildPhases = (
				DBCD19842A714DFC000FF5B8 /* Sources */,
				DBCD19852A714DFC000FF5B8 /* Frameworks */,
				DBCD19862A714DFC000FF5B8 /* Resources */,
			);
			buildRules = (
			);
			dependencies = (
			);
			name = FLYING_HAWKS;
			packageProductDependencies = (
				DB16B22A2A71C07A008C64DD /* FirebaseAuth */,
				DB16B22C2A71C07A008C64DD /* FirebaseFirestore */,
				DB16B22E2A71C07A008C64DD /* FirebaseFirestoreSwift */,
				DB16B2302A71C07A008C64DD /* FirebaseStorage */,
				DB08536A2A76885B009C3064 /* SDWebImageSwiftUI */,
			);
			productName = FLYING_HAWKS;
			productReference = DBCD19882A714DFC000FF5B8 /* FLYING_HAWKS.app */;
			productType = "com.apple.product-type.application";
		};
/* End PBXNativeTarget section */

/* Begin PBXProject section */
		DBCD19802A714DFC000FF5B8 /* Project object */ = {
			isa = PBXProject;
			attributes = {
				BuildIndependentTargetsInParallel = 1;
				LastSwiftUpdateCheck = 1430;
				LastUpgradeCheck = 1430;
				TargetAttributes = {
					DBCD19872A714DFC000FF5B8 = {
						CreatedOnToolsVersion = 14.3.1;
					};
				};
			};
			buildConfigurationList = DBCD19832A714DFC000FF5B8 /* Build configuration list for PBXProject "FLYING_HAWKS" */;
			compatibilityVersion = "Xcode 14.0";
			developmentRegion = en;
			hasScannedForEncodings = 0;
			knownRegions = (
				en,
				Base,
			);
			mainGroup = DBCD197F2A714DFC000FF5B8;
			packageReferences = (
				DB16B2292A71C07A008C64DD /* XCRemoteSwiftPackageReference "firebase-ios-sdk" */,
				DB0853692A76885B009C3064 /* XCRemoteSwiftPackageReference "SDWebImageSwiftUI" */,
			);
			productRefGroup = DBCD19892A714DFC000FF5B8 /* Products */;
			projectDirPath = "";
			projectRoot = "";
			targets = (
				DBCD19872A714DFC000FF5B8 /* FLYING_HAWKS */,
			);
		};
/* End PBXProject section */

/* Begin PBXResourcesBuildPhase section */
		DBCD19862A714DFC000FF5B8 /* Resources */ = {
			isa = PBXResourcesBuildPhase;
			buildActionMask = 2147483647;
			files = (
				DB16B2282A71BF0F008C64DD /* GoogleService-Info.plist in Resources */,
				DBCD19932A714DFE000FF5B8 /* Preview Assets.xcassets in Resources */,
				DB16B2572A71F1EF008C64DD /* Assets.xcassets in Resources */,
			);
			runOnlyForDeploymentPostprocessing = 0;
		};
/* End PBXResourcesBuildPhase section */

/* Begin PBXSourcesBuildPhase section */
		DBCD19842A714DFC000FF5B8 /* Sources */ = {
			isa = PBXSourcesBuildPhase;
			buildActionMask = 2147483647;
			files = (
				DB56AA952A7263EF00AD68FB /* Student+CoreDataClass.swift in Sources */,
				DBCD19952A714DFE000FF5B8 /* Persistence.swift in Sources */,
				DB16B2462A71EE3A008C64DD /* CardView2.swift in Sources */,
				DBCD198E2A714DFC000FF5B8 /* ContentView.swift in Sources */,
				DB2F889E2A71F8B00049F88D /* Beginner.swift in Sources */,
				DB7470142A75258E00EF00A1 /* LoadingView.swift in Sources */,
				DB72D4BB2A795F8E00831C05 /* SearchView.swift in Sources */,
				DB16B2512A71EF66008C64DD /* RegisterView.swift in Sources */,
				DB16B23A2A71EC25008C64DD /* CustomButton.swift in Sources */,
				DB2F888F2A71F7010049F88D /* Terms&Conditions.swift in Sources */,
				DB2F888B2A71F69B0049F88D /* SettingsView.swift in Sources */,
				DB7470102A74016D00EF00A1 /* CreateNewPost.swift in Sources */,
				DB2F88A42A71F9540049F88D /* PlayerDetails.swift in Sources */,
				DB7470122A7401E200EF00A1 /* Post.swift in Sources */,
				DB2F88962A71F7C20049F88D /* PostView.swift in Sources */,
				DB2F88A02A71F8E60049F88D /* Amertueur.swift in Sources */,
				DB2F88982A71F7EA0049F88D /* ExploreCardView.swift in Sources */,
				DB16B23E2A71ED45008C64DD /* onBoardingTapView.swift in Sources */,
				DB2F88912A71F7270049F88D /* MentorDetailsView.swift in Sources */,
				DB16B2402A71ED7F008C64DD /* MainTabView.swift in Sources */,
				DBCD198C2A714DFC000FF5B8 /* FLYING_HAWKSApp.swift in Sources */,
				DB72D4C12A7A253900831C05 /* ImagePicker.swift in Sources */,
				DB2F88A22A71F9290049F88D /* CameraView.swift in Sources */,
				DB16B2532A71EFAC008C64DD /* User.swift in Sources */,
				DB16B2552A71EFE1008C64DD /* Authenticatioin.swift in Sources */,
				DB2F888D2A71F6E40049F88D /* AccountDetailsView.swift in Sources */,
				DB16B2382A71EBFB008C64DD /* Shimmer.swift in Sources */,
				DB72D4BD2A7999B500831C05 /* ReusableView.swift in Sources */,
				DBCD19982A714DFE000FF5B8 /* FLYING_HAWKS.xcdatamodeld in Sources */,
				DB56AA962A7263EF00AD68FB /* Student+CoreDataProperties.swift in Sources */,
				DB08536D2A769B27009C3064 /* ReusablePostView.swift in Sources */,
				DB16B2442A71EE14008C64DD /* CardView1.swift in Sources */,
				DB16B24F2A71EF36008C64DD /* LoginView.swift in Sources */,
				DB16B2482A71EE69008C64DD /* CardView3.swift in Sources */,
				DB2F889C2A71F8840049F88D /* Catagories.swift in Sources */,
				DB16B24D2A71EF0D008C64DD /* OpeningView.swift in Sources */,
			);
			runOnlyForDeploymentPostprocessing = 0;
		};
/* End PBXSourcesBuildPhase section */

/* Begin XCBuildConfiguration section */
		DBCD19992A714DFE000FF5B8 /* Debug */ = {
			isa = XCBuildConfiguration;
			buildSettings = {
				ALWAYS_SEARCH_USER_PATHS = NO;
				CLANG_ANALYZER_NONNULL = YES;
				CLANG_ANALYZER_NUMBER_OBJECT_CONVERSION = YES_AGGRESSIVE;
				CLANG_CXX_LANGUAGE_STANDARD = "gnu++20";
				CLANG_ENABLE_MODULES = YES;
				CLANG_ENABLE_OBJC_ARC = YES;
				CLANG_ENABLE_OBJC_WEAK = YES;
				CLANG_WARN_BLOCK_CAPTURE_AUTORELEASING = YES;
				CLANG_WARN_BOOL_CONVERSION = YES;
				CLANG_WARN_COMMA = YES;
				CLANG_WARN_CONSTANT_CONVERSION = YES;
				CLANG_WARN_DEPRECATED_OBJC_IMPLEMENTATIONS = YES;
				CLANG_WARN_DIRECT_OBJC_ISA_USAGE = YES_ERROR;
				CLANG_WARN_DOCUMENTATION_COMMENTS = YES;
				CLANG_WARN_EMPTY_BODY = YES;
				CLANG_WARN_ENUM_CONVERSION = YES;
				CLANG_WARN_INFINITE_RECURSION = YES;
				CLANG_WARN_INT_CONVERSION = YES;
				CLANG_WARN_NON_LITERAL_NULL_CONVERSION = YES;
				CLANG_WARN_OBJC_IMPLICIT_RETAIN_SELF = YES;
				CLANG_WARN_OBJC_LITERAL_CONVERSION = YES;
				CLANG_WARN_OBJC_ROOT_CLASS = YES_ERROR;
				CLANG_WARN_QUOTED_INCLUDE_IN_FRAMEWORK_HEADER = YES;
				CLANG_WARN_RANGE_LOOP_ANALYSIS = YES;
				CLANG_WARN_STRICT_PROTOTYPES = YES;
				CLANG_WARN_SUSPICIOUS_MOVE = YES;
				CLANG_WARN_UNGUARDED_AVAILABILITY = YES_AGGRESSIVE;
				CLANG_WARN_UNREACHABLE_CODE = YES;
				CLANG_WARN__DUPLICATE_METHOD_MATCH = YES;
				COPY_PHASE_STRIP = NO;
				DEBUG_INFORMATION_FORMAT = dwarf;
				ENABLE_STRICT_OBJC_MSGSEND = YES;
				ENABLE_TESTABILITY = YES;
				GCC_C_LANGUAGE_STANDARD = gnu11;
				GCC_DYNAMIC_NO_PIC = NO;
				GCC_NO_COMMON_BLOCKS = YES;
				GCC_OPTIMIZATION_LEVEL = 0;
				GCC_PREPROCESSOR_DEFINITIONS = (
					"DEBUG=1",
					"$(inherited)",
				);
				GCC_WARN_64_TO_32_BIT_CONVERSION = YES;
				GCC_WARN_ABOUT_RETURN_TYPE = YES_ERROR;
				GCC_WARN_UNDECLARED_SELECTOR = YES;
				GCC_WARN_UNINITIALIZED_AUTOS = YES_AGGRESSIVE;
				GCC_WARN_UNUSED_FUNCTION = YES;
				GCC_WARN_UNUSED_VARIABLE = YES;
				IPHONEOS_DEPLOYMENT_TARGET = 16.4;
				MTL_ENABLE_DEBUG_INFO = INCLUDE_SOURCE;
				MTL_FAST_MATH = YES;
				ONLY_ACTIVE_ARCH = YES;
				SDKROOT = iphoneos;
				SWIFT_ACTIVE_COMPILATION_CONDITIONS = DEBUG;
				SWIFT_OPTIMIZATION_LEVEL = "-Onone";
			};
			name = Debug;
		};
		DBCD199A2A714DFE000FF5B8 /* Release */ = {
			isa = XCBuildConfiguration;
			buildSettings = {
				ALWAYS_SEARCH_USER_PATHS = NO;
				CLANG_ANALYZER_NONNULL = YES;
				CLANG_ANALYZER_NUMBER_OBJECT_CONVERSION = YES_AGGRESSIVE;
				CLANG_CXX_LANGUAGE_STANDARD = "gnu++20";
				CLANG_ENABLE_MODULES = YES;
				CLANG_ENABLE_OBJC_ARC = YES;
				CLANG_ENABLE_OBJC_WEAK = YES;
				CLANG_WARN_BLOCK_CAPTURE_AUTORELEASING = YES;
				CLANG_WARN_BOOL_CONVERSION = YES;
				CLANG_WARN_COMMA = YES;
				CLANG_WARN_CONSTANT_CONVERSION = YES;
				CLANG_WARN_DEPRECATED_OBJC_IMPLEMENTATIONS = YES;
				CLANG_WARN_DIRECT_OBJC_ISA_USAGE = YES_ERROR;
				CLANG_WARN_DOCUMENTATION_COMMENTS = YES;
				CLANG_WARN_EMPTY_BODY = YES;
				CLANG_WARN_ENUM_CONVERSION = YES;
				CLANG_WARN_INFINITE_RECURSION = YES;
				CLANG_WARN_INT_CONVERSION = YES;
				CLANG_WARN_NON_LITERAL_NULL_CONVERSION = YES;
				CLANG_WARN_OBJC_IMPLICIT_RETAIN_SELF = YES;
				CLANG_WARN_OBJC_LITERAL_CONVERSION = YES;
				CLANG_WARN_OBJC_ROOT_CLASS = YES_ERROR;
				CLANG_WARN_QUOTED_INCLUDE_IN_FRAMEWORK_HEADER = YES;
				CLANG_WARN_RANGE_LOOP_ANALYSIS = YES;
				CLANG_WARN_STRICT_PROTOTYPES = YES;
				CLANG_WARN_SUSPICIOUS_MOVE = YES;
				CLANG_WARN_UNGUARDED_AVAILABILITY = YES_AGGRESSIVE;
				CLANG_WARN_UNREACHABLE_CODE = YES;
				CLANG_WARN__DUPLICATE_METHOD_MATCH = YES;
				COPY_PHASE_STRIP = NO;
				DEBUG_INFORMATION_FORMAT = "dwarf-with-dsym";
				ENABLE_NS_ASSERTIONS = NO;
				ENABLE_STRICT_OBJC_MSGSEND = YES;
				GCC_C_LANGUAGE_STANDARD = gnu11;
				GCC_NO_COMMON_BLOCKS = YES;
				GCC_WARN_64_TO_32_BIT_CONVERSION = YES;
				GCC_WARN_ABOUT_RETURN_TYPE = YES_ERROR;
				GCC_WARN_UNDECLARED_SELECTOR = YES;
				GCC_WARN_UNINITIALIZED_AUTOS = YES_AGGRESSIVE;
				GCC_WARN_UNUSED_FUNCTION = YES;
				GCC_WARN_UNUSED_VARIABLE = YES;
				IPHONEOS_DEPLOYMENT_TARGET = 16.4;
				MTL_ENABLE_DEBUG_INFO = NO;
				MTL_FAST_MATH = YES;
				SDKROOT = iphoneos;
				SWIFT_COMPILATION_MODE = wholemodule;
				SWIFT_OPTIMIZATION_LEVEL = "-O";
				VALIDATE_PRODUCT = YES;
			};
			name = Release;
		};
		DBCD199C2A714DFE000FF5B8 /* Debug */ = {
			isa = XCBuildConfiguration;
			buildSettings = {
				ASSETCATALOG_COMPILER_APPICON_NAME = AppIcon;
				ASSETCATALOG_COMPILER_GLOBAL_ACCENT_COLOR_NAME = AccentColor;
				CODE_SIGN_STYLE = Automatic;
				CURRENT_PROJECT_VERSION = 1;
				DEVELOPMENT_ASSET_PATHS = "\"FLYING_HAWKS/Preview Content\"";
				ENABLE_PREVIEWS = YES;
				GENERATE_INFOPLIST_FILE = YES;
				INFOPLIST_KEY_UIApplicationSceneManifest_Generation = YES;
				INFOPLIST_KEY_UIApplicationSupportsIndirectInputEvents = YES;
				INFOPLIST_KEY_UILaunchScreen_Generation = YES;
				INFOPLIST_KEY_UISupportedInterfaceOrientations_iPad = "UIInterfaceOrientationPortrait UIInterfaceOrientationPortraitUpsideDown UIInterfaceOrientationLandscapeLeft UIInterfaceOrientationLandscapeRight";
				INFOPLIST_KEY_UISupportedInterfaceOrientations_iPhone = "UIInterfaceOrientationPortrait UIInterfaceOrientationLandscapeLeft UIInterfaceOrientationLandscapeRight";
				LD_RUNPATH_SEARCH_PATHS = (
					"$(inherited)",
					"@executable_path/Frameworks",
				);
				MARKETING_VERSION = 1.0;
				PRODUCT_BUNDLE_IDENTIFIER = "com.Munavar.FLYING-HAWKS";
				PRODUCT_NAME = "$(TARGET_NAME)";
				SWIFT_EMIT_LOC_STRINGS = YES;
				SWIFT_VERSION = 5.0;
				TARGETED_DEVICE_FAMILY = "1,2";
			};
			name = Debug;
		};
		DBCD199D2A714DFE000FF5B8 /* Release */ = {
			isa = XCBuildConfiguration;
			buildSettings = {
				ASSETCATALOG_COMPILER_APPICON_NAME = AppIcon;
				ASSETCATALOG_COMPILER_GLOBAL_ACCENT_COLOR_NAME = AccentColor;
				CODE_SIGN_STYLE = Automatic;
				CURRENT_PROJECT_VERSION = 1;
				DEVELOPMENT_ASSET_PATHS = "\"FLYING_HAWKS/Preview Content\"";
				ENABLE_PREVIEWS = YES;
				GENERATE_INFOPLIST_FILE = YES;
				INFOPLIST_KEY_UIApplicationSceneManifest_Generation = YES;
				INFOPLIST_KEY_UIApplicationSupportsIndirectInputEvents = YES;
				INFOPLIST_KEY_UILaunchScreen_Generation = YES;
				INFOPLIST_KEY_UISupportedInterfaceOrientations_iPad = "UIInterfaceOrientationPortrait UIInterfaceOrientationPortraitUpsideDown UIInterfaceOrientationLandscapeLeft UIInterfaceOrientationLandscapeRight";
				INFOPLIST_KEY_UISupportedInterfaceOrientations_iPhone = "UIInterfaceOrientationPortrait UIInterfaceOrientationLandscapeLeft UIInterfaceOrientationLandscapeRight";
				LD_RUNPATH_SEARCH_PATHS = (
					"$(inherited)",
					"@executable_path/Frameworks",
				);
				MARKETING_VERSION = 1.0;
				PRODUCT_BUNDLE_IDENTIFIER = "com.Munavar.FLYING-HAWKS";
				PRODUCT_NAME = "$(TARGET_NAME)";
				SWIFT_EMIT_LOC_STRINGS = YES;
				SWIFT_VERSION = 5.0;
				TARGETED_DEVICE_FAMILY = "1,2";
			};
			name = Release;
		};
/* End XCBuildConfiguration section */

/* Begin XCConfigurationList section */
		DBCD19832A714DFC000FF5B8 /* Build configuration list for PBXProject "FLYING_HAWKS" */ = {
			isa = XCConfigurationList;
			buildConfigurations = (
				DBCD19992A714DFE000FF5B8 /* Debug */,
				DBCD199A2A714DFE000FF5B8 /* Release */,
			);
			defaultConfigurationIsVisible = 0;
			defaultConfigurationName = Release;
		};
		DBCD199B2A714DFE000FF5B8 /* Build configuration list for PBXNativeTarget "FLYING_HAWKS" */ = {
			isa = XCConfigurationList;
			buildConfigurations = (
				DBCD199C2A714DFE000FF5B8 /* Debug */,
				DBCD199D2A714DFE000FF5B8 /* Release */,
			);
			defaultConfigurationIsVisible = 0;
			defaultConfigurationName = Release;
		};
/* End XCConfigurationList section */

/* Begin XCRemoteSwiftPackageReference section */
		DB0853692A76885B009C3064 /* XCRemoteSwiftPackageReference "SDWebImageSwiftUI" */ = {
			isa = XCRemoteSwiftPackageReference;
			repositoryURL = "https://github.com/SDWebImage/SDWebImageSwiftUI.git";
			requirement = {
				kind = upToNextMajorVersion;
				minimumVersion = 2.0.0;
			};
		};
		DB16B2292A71C07A008C64DD /* XCRemoteSwiftPackageReference "firebase-ios-sdk" */ = {
			isa = XCRemoteSwiftPackageReference;
			repositoryURL = "https://github.com/firebase/firebase-ios-sdk.git";
			requirement = {
				kind = upToNextMajorVersion;
				minimumVersion = 10.0.0;
			};
		};
/* End XCRemoteSwiftPackageReference section */

/* Begin XCSwiftPackageProductDependency section */
		DB08536A2A76885B009C3064 /* SDWebImageSwiftUI */ = {
			isa = XCSwiftPackageProductDependency;
			package = DB0853692A76885B009C3064 /* XCRemoteSwiftPackageReference "SDWebImageSwiftUI" */;
			productName = SDWebImageSwiftUI;
		};
		DB16B22A2A71C07A008C64DD /* FirebaseAuth */ = {
			isa = XCSwiftPackageProductDependency;
			package = DB16B2292A71C07A008C64DD /* XCRemoteSwiftPackageReference "firebase-ios-sdk" */;
			productName = FirebaseAuth;
		};
		DB16B22C2A71C07A008C64DD /* FirebaseFirestore */ = {
			isa = XCSwiftPackageProductDependency;
			package = DB16B2292A71C07A008C64DD /* XCRemoteSwiftPackageReference "firebase-ios-sdk" */;
			productName = FirebaseFirestore;
		};
		DB16B22E2A71C07A008C64DD /* FirebaseFirestoreSwift */ = {
			isa = XCSwiftPackageProductDependency;
			package = DB16B2292A71C07A008C64DD /* XCRemoteSwiftPackageReference "firebase-ios-sdk" */;
			productName = FirebaseFirestoreSwift;
		};
		DB16B2302A71C07A008C64DD /* FirebaseStorage */ = {
			isa = XCSwiftPackageProductDependency;
			package = DB16B2292A71C07A008C64DD /* XCRemoteSwiftPackageReference "firebase-ios-sdk" */;
			productName = FirebaseStorage;
		};
/* End XCSwiftPackageProductDependency section */

/* Begin XCVersionGroup section */
		DBCD19962A714DFE000FF5B8 /* FLYING_HAWKS.xcdatamodeld */ = {
			isa = XCVersionGroup;
			children = (
				DBCD19972A714DFE000FF5B8 /* FLYING_HAWKS.xcdatamodel */,
			);
			currentVersion = DBCD19972A714DFE000FF5B8 /* FLYING_HAWKS.xcdatamodel */;
			path = FLYING_HAWKS.xcdatamodeld;
			sourceTree = "<group>";
			versionGroupType = wrapper.xcdatamodel;
		};
/* End XCVersionGroup section */
	};
	rootObject = DBCD19802A714DFC000FF5B8 /* Project object */;
}
